github.com/Tnze/go-mc v1.16.1 h1:KX2h8pLjqz6bJVVJpMa0TE6lkcPmAyzhlfhFp8AwyEs=
github.com/Tnze/go-mc v1.16.1/go.mod h1:LKj1KKSj4m58fpJaTmOHC3DdQKJ1RSfEGHFR1zMLSF8=
github.com/Tnze/go-mc v1.16.5-pre2.0.20210315013805-553b6970238e h1:17yOq6+I8tLKiRPgVThRVzZvYM9V9nJWhq9qJMzjRZs=
github.com/Tnze/go-mc v1.16.5-pre2.0.20210315013805-553b6970238e/go.mod h1:t0AI38F1BEmmy8/uLhr9RCOUeDbBj3oUNQH9akjzMc0=
github.com/google/uuid v1.1.1/go.mod h1:TIyPZe4MgqvfeYDBFedMoGGpEw/LqOeaOT+nhxU+yHo=
github.com/google/uuid v1.2.0 h1:qJYtXnJRWmpe7m/3XlyhrsLrEURqHRM2kxzoxXqyUDs=
github.com/google/uuid v1.2.0/go.mod h1:TIyPZe4MgqvfeYDBFedMoGGpEw/LqOeaOT+nhxU+yHo=
github.com/iancoleman/strcase v0.1.3/go.mod h1:SK73tn/9oHe+/Y0h39VT4UCxmurVJkR5NA7kMEAOgSE=
github.com/mattn/go-colorable v0.1.8/go.mod h1:u6P/XSegPjTcexA+o6vUJrdnUu04hMope9wVRipJSqc=
github.com/mattn/go-isatty v0.0.12/go.mod h1:cbi8OIDigv2wuxKPP5vlRcQ1OAZbq2CE4Kysco4FUpU=
github.com/robfig/cron/v3 v3.0.1 h1:WdRxkvbJztn8LMz/QEvLN5sBU+xKpSqwwUO1Pjr4qDs=
github.com/robfig/cron/v3 v3.0.1/go.mod h1:eQICP3HwyT7UooqI/z+Ov+PtYAWygg1TEWWzGIFLtro=
golang.org/x/sys v0.0.0-20200116001909-b77594299b42/go.mod h1:h1NjWce9XRLGQEsW7wpKNCjG9DtNlClVuFLEZdDNbEs=
golang.org/x/sys v0.0.0-20200223170610-d5e6a3e2c0ae/go.mod h1:h1NjWce9XRLGQEsW7wpKNCjG9DtNlClVuFLEZdDNbEs=
